// !$*UTF8*$!
{
	archiveVersion = 1;
	classes = {
	};
	objectVersion = 56;
	objects = {

/* Begin PBXBuildFile section */
		396D56E62BD8BCDA00337DA7 /* MessageRow.swift in Sources */ = {isa = PBXBuildFile; fileRef = 396D56E52BD8BCDA00337DA7 /* MessageRow.swift */; };
		39B2C7092BD7B119008B1EAA /* ChatView.swift in Sources */ = {isa = PBXBuildFile; fileRef = 39B2C7082BD7B119008B1EAA /* ChatView.swift */; };
		39B799FC2BDC71E6008979FD /* User.swift in Sources */ = {isa = PBXBuildFile; fileRef = 39B799FB2BDC71E6008979FD /* User.swift */; };
		39D94EDB2BD7AF18000D484E /* ChatViewWithSwiftUIApp.swift in Sources */ = {isa = PBXBuildFile; fileRef = 39D94EDA2BD7AF18000D484E /* ChatViewWithSwiftUIApp.swift */; };
		39D94EDF2BD7AF21000D484E /* Assets.xcassets in Resources */ = {isa = PBXBuildFile; fileRef = 39D94EDE2BD7AF21000D484E /* Assets.xcassets */; };
		39D94EE22BD7AF21000D484E /* Preview Assets.xcassets in Resources */ = {isa = PBXBuildFile; fileRef = 39D94EE12BD7AF21000D484E /* Preview Assets.xcassets */; };
		39FB28DA2BDC756500DE1F03 /* Message.swift in Sources */ = {isa = PBXBuildFile; fileRef = 39FB28D92BDC756500DE1F03 /* Message.swift */; };
		39FB28E12BDDD0AC00DE1F03 /* DataModelTest.swift in Sources */ = {isa = PBXBuildFile; fileRef = 39FB28E02BDDD0AC00DE1F03 /* DataModelTest.swift */; };
/* End PBXBuildFile section */

/* Begin PBXFileReference section */
		396D56E52BD8BCDA00337DA7 /* MessageRow.swift */ = {isa = PBXFileReference; lastKnownFileType = sourcecode.swift; path = MessageRow.swift; sourceTree = "<group>"; };
		39B2C7082BD7B119008B1EAA /* ChatView.swift */ = {isa = PBXFileReference; lastKnownFileType = sourcecode.swift; path = ChatView.swift; sourceTree = "<group>"; };
		39B799FB2BDC71E6008979FD /* User.swift */ = {isa = PBXFileReference; lastKnownFileType = sourcecode.swift; path = User.swift; sourceTree = "<group>"; };
		39D94ED72BD7AF18000D484E /* ChatViewWithSwiftUI.app */ = {isa = PBXFileReference; explicitFileType = wrapper.application; includeInIndex = 0; path = ChatViewWithSwiftUI.app; sourceTree = BUILT_PRODUCTS_DIR; };
		39D94EDA2BD7AF18000D484E /* ChatViewWithSwiftUIApp.swift */ = {isa = PBXFileReference; lastKnownFileType = sourcecode.swift; path = ChatViewWithSwiftUIApp.swift; sourceTree = "<group>"; };
		39D94EDE2BD7AF21000D484E /* Assets.xcassets */ = {isa = PBXFileReference; lastKnownFileType = folder.assetcatalog; path = Assets.xcassets; sourceTree = "<group>"; };
		39D94EE12BD7AF21000D484E /* Preview Assets.xcassets */ = {isa = PBXFileReference; lastKnownFileType = folder.assetcatalog; path = "Preview Assets.xcassets"; sourceTree = "<group>"; };
		39FB28D92BDC756500DE1F03 /* Message.swift */ = {isa = PBXFileReference; lastKnownFileType = sourcecode.swift; path = Message.swift; sourceTree = "<group>"; };
		39FB28E02BDDD0AC00DE1F03 /* DataModelTest.swift */ = {isa = PBXFileReference; lastKnownFileType = sourcecode.swift; path = DataModelTest.swift; sourceTree = "<group>"; };
/* End PBXFileReference section */

/* Begin PBXFrameworksBuildPhase section */
		39D94ED42BD7AF18000D484E /* Frameworks */ = {
			isa = PBXFrameworksBuildPhase;
			buildActionMask = 2147483647;
			files = (
			);
			runOnlyForDeploymentPostprocessing = 0;
		};
/* End PBXFrameworksBuildPhase section */

/* Begin PBXGroup section */
		396D56E72BD8BCF500337DA7 /* Views */ = {
			isa = PBXGroup;
			children = (
				39FB28DF2BDDD09B00DE1F03 /* TestView */,
				39B2C7082BD7B119008B1EAA /* ChatView.swift */,
				396D56E52BD8BCDA00337DA7 /* MessageRow.swift */,
			);
			path = Views;
			sourceTree = "<group>";
		};
		39B799FA2BDC719D008979FD /* Models */ = {
			isa = PBXGroup;
			children = (
				39B799FB2BDC71E6008979FD /* User.swift */,
				39FB28D92BDC756500DE1F03 /* Message.swift */,
			);
			path = Models;
			sourceTree = "<group>";
		};
		39D94ECE2BD7AF17000D484E = {
			isa = PBXGroup;
			children = (
				39D94ED92BD7AF18000D484E /* ChatViewWithSwiftUI */,
				39D94ED82BD7AF18000D484E /* Products */,
			);
			sourceTree = "<group>";
		};
		39D94ED82BD7AF18000D484E /* Products */ = {
			isa = PBXGroup;
			children = (
				39D94ED72BD7AF18000D484E /* ChatViewWithSwiftUI.app */,
			);
			name = Products;
			sourceTree = "<group>";
		};
		39D94ED92BD7AF18000D484E /* ChatViewWithSwiftUI */ = {
			isa = PBXGroup;
			children = (
				39D94EDA2BD7AF18000D484E /* ChatViewWithSwiftUIApp.swift */,
				39B799FA2BDC719D008979FD /* Models */,
				396D56E72BD8BCF500337DA7 /* Views */,
				39D94EDE2BD7AF21000D484E /* Assets.xcassets */,
				39D94EE02BD7AF21000D484E /* Preview Content */,
			);
			path = ChatViewWithSwiftUI;
			sourceTree = "<group>";
		};
		39D94EE02BD7AF21000D484E /* Preview Content */ = {
			isa = PBXGroup;
			children = (
				39D94EE12BD7AF21000D484E /* Preview Assets.xcassets */,
			);
			path = "Preview Content";
			sourceTree = "<group>";
		};
		39FB28DF2BDDD09B00DE1F03 /* TestView */ = {
			isa = PBXGroup;
			children = (
				39FB28E02BDDD0AC00DE1F03 /* DataModelTest.swift */,
			);
			path = TestView;
			sourceTree = "<group>";
		};
/* End PBXGroup section */

/* Begin PBXNativeTarget section */
		39D94ED62BD7AF18000D484E /* ChatViewWithSwiftUI */ = {
			isa = PBXNativeTarget;
			buildConfigurationList = 39D94EE52BD7AF21000D484E /* Build configuration list for PBXNativeTarget "ChatViewWithSwiftUI" */;
			buildPhases = (
				39D94ED32BD7AF18000D484E /* Sources */,
				39D94ED42BD7AF18000D484E /* Frameworks */,
				39D94ED52BD7AF18000D484E /* Resources */,
			);
			buildRules = (
			);
			dependencies = (
			);
			name = ChatViewWithSwiftUI;
			productName = ChatViewWithSwiftUI;
			productReference = 39D94ED72BD7AF18000D484E /* ChatViewWithSwiftUI.app */;
			productType = "com.apple.product-type.application";
		};
/* End PBXNativeTarget section */

/* Begin PBXProject section */
		39D94ECF2BD7AF17000D484E /* Project object */ = {
			isa = PBXProject;
			attributes = {
				BuildIndependentTargetsInParallel = 1;
				LastSwiftUpdateCheck = 1420;
				LastUpgradeCheck = 1420;
				TargetAttributes = {
					39D94ED62BD7AF18000D484E = {
						CreatedOnToolsVersion = 14.2;
					};
				};
			};
			buildConfigurationList = 39D94ED22BD7AF17000D484E /* Build configuration list for PBXProject "ChatViewWithSwiftUI" */;
			compatibilityVersion = "Xcode 14.0";
			developmentRegion = en;
			hasScannedForEncodings = 0;
			knownRegions = (
				en,
				Base,
			);
			mainGroup = 39D94ECE2BD7AF17000D484E;
			productRefGroup = 39D94ED82BD7AF18000D484E /* Products */;
			projectDirPath = "";
			projectRoot = "";
			targets = (
				39D94ED62BD7AF18000D484E /* ChatViewWithSwiftUI */,
			);
		};
/* End PBXProject section */

/* Begin PBXResourcesBuildPhase section */
		39D94ED52BD7AF18000D484E /* Resources */ = {
			isa = PBXResourcesBuildPhase;
			buildActionMask = 2147483647;
			files = (
				39D94EE22BD7AF21000D484E /* Preview Assets.xcassets in Resources */,
				39D94EDF2BD7AF21000D484E /* Assets.xcassets in Resources */,
			);
			runOnlyForDeploymentPostprocessing = 0;
		};
/* End PBXResourcesBuildPhase section */

/* Begin PBXSourcesBuildPhase section */
		39D94ED32BD7AF18000D484E /* Sources */ = {
			isa = PBXSourcesBuildPhase;
			buildActionMask = 2147483647;
			files = (
				39B799FC2BDC71E6008979FD /* User.swift in Sources */,
				39B2C7092BD7B119008B1EAA /* ChatView.swift in Sources */,
				39FB28DA2BDC756500DE1F03 /* Message.swift in Sources */,
				39FB28E12BDDD0AC00DE1F03 /* DataModelTest.swift in Sources */,
				39D94EDB2BD7AF18000D484E /* ChatViewWithSwiftUIApp.swift in Sources */,
				396D56E62BD8BCDA00337DA7 /* MessageRow.swift in Sources */,
			);
			runOnlyForDeploymentPostprocessing = 0;
		};
/* End PBXSourcesBuildPhase section */

/* Begin XCBuildConfiguration section */
		39D94EE32BD7AF21000D484E /* Debug */ = {
			isa = XCBuildConfiguration;
			buildSettings = {
				ALWAYS_SEARCH_USER_PATHS = NO;
				CLANG_ANALYZER_NONNULL = YES;
				CLANG_ANALYZER_NUMBER_OBJECT_CONVERSION = YES_AGGRESSIVE;
				CLANG_CXX_LANGUAGE_STANDARD = "gnu++20";
				CLANG_ENABLE_MODULES = YES;
				CLANG_ENABLE_OBJC_ARC = YES;
				CLANG_ENABLE_OBJC_WEAK = YES;
				CLANG_WARN_BLOCK_CAPTURE_AUTORELEASING = YES;
				CLANG_WARN_BOOL_CONVERSION = YES;
				CLANG_WARN_COMMA = YES;
				CLANG_WARN_CONSTANT_CONVERSION = YES;
				CLANG_WARN_DEPRECATED_OBJC_IMPLEMENTATIONS = YES;
				CLANG_WARN_DIRECT_OBJC_ISA_USAGE = YES_ERROR;
				CLANG_WARN_DOCUMENTATION_COMMENTS = YES;
				CLANG_WARN_EMPTY_BODY = YES;
				CLANG_WARN_ENUM_CONVERSION = YES;
				CLANG_WARN_INFINITE_RECURSION = YES;
				CLANG_WARN_INT_CONVERSION = YES;
				CLANG_WARN_NON_LITERAL_NULL_CONVERSION = YES;
				CLANG_WARN_OBJC_IMPLICIT_RETAIN_SELF = YES;
				CLANG_WARN_OBJC_LITERAL_CONVERSION = YES;
				CLANG_WARN_OBJC_ROOT_CLASS = YES_ERROR;
				CLANG_WARN_QUOTED_INCLUDE_IN_FRAMEWORK_HEADER = YES;
				CLANG_WARN_RANGE_LOOP_ANALYSIS = YES;
				CLANG_WARN_STRICT_PROTOTYPES = YES;
				CLANG_WARN_SUSPICIOUS_MOVE = YES;
				CLANG_WARN_UNGUARDED_AVAILABILITY = YES_AGGRESSIVE;
				CLANG_WARN_UNREACHABLE_CODE = YES;
				CLANG_WARN__DUPLICATE_METHOD_MATCH = YES;
				COPY_PHASE_STRIP = NO;
				DEBUG_INFORMATION_FORMAT = dwarf;
				ENABLE_STRICT_OBJC_MSGSEND = YES;
				ENABLE_TESTABILITY = YES;
				GCC_C_LANGUAGE_STANDARD = gnu11;
				GCC_DYNAMIC_NO_PIC = NO;
				GCC_NO_COMMON_BLOCKS = YES;
				GCC_OPTIMIZATION_LEVEL = 0;
				GCC_PREPROCESSOR_DEFINITIONS = (
					"DEBUG=1",
					"$(inherited)",
				);
				GCC_WARN_64_TO_32_BIT_CONVERSION = YES;
				GCC_WARN_ABOUT_RETURN_TYPE = YES_ERROR;
				GCC_WARN_UNDECLARED_SELECTOR = YES;
				GCC_WARN_UNINITIALIZED_AUTOS = YES_AGGRESSIVE;
				GCC_WARN_UNUSED_FUNCTION = YES;
				GCC_WARN_UNUSED_VARIABLE = YES;
				IPHONEOS_DEPLOYMENT_TARGET = 16.2;
				MTL_ENABLE_DEBUG_INFO = INCLUDE_SOURCE;
				MTL_FAST_MATH = YES;
				ONLY_ACTIVE_ARCH = YES;
				SDKROOT = iphoneos;
				SWIFT_ACTIVE_COMPILATION_CONDITIONS = DEBUG;
				SWIFT_OPTIMIZATION_LEVEL = "-Onone";
			};
			name = Debug;
		};
		39D94EE42BD7AF21000D484E /* Release */ = {
			isa = XCBuildConfiguration;
			buildSettings = {
				ALWAYS_SEARCH_USER_PATHS = NO;
				CLANG_ANALYZER_NONNULL = YES;
				CLANG_ANALYZER_NUMBER_OBJECT_CONVERSION = YES_AGGRESSIVE;
				CLANG_CXX_LANGUAGE_STANDARD = "gnu++20";
				CLANG_ENABLE_MODULES = YES;
				CLANG_ENABLE_OBJC_ARC = YES;
				CLANG_ENABLE_OBJC_WEAK = YES;
				CLANG_WARN_BLOCK_CAPTURE_AUTORELEASING = YES;
				CLANG_WARN_BOOL_CONVERSION = YES;
				CLANG_WARN_COMMA = YES;
				CLANG_WARN_CONSTANT_CONVERSION = YES;
				CLANG_WARN_DEPRECATED_OBJC_IMPLEMENTATIONS = YES;
				CLANG_WARN_DIRECT_OBJC_ISA_USAGE = YES_ERROR;
				CLANG_WARN_DOCUMENTATION_COMMENTS = YES;
				CLANG_WARN_EMPTY_BODY = YES;
				CLANG_WARN_ENUM_CONVERSION = YES;
				CLANG_WARN_INFINITE_RECURSION = YES;
				CLANG_WARN_INT_CONVERSION = YES;
				CLANG_WARN_NON_LITERAL_NULL_CONVERSION = YES;
				CLANG_WARN_OBJC_IMPLICIT_RETAIN_SELF = YES;
				CLANG_WARN_OBJC_LITERAL_CONVERSION = YES;
				CLANG_WARN_OBJC_ROOT_CLASS = YES_ERROR;
				CLANG_WARN_QUOTED_INCLUDE_IN_FRAMEWORK_HEADER = YES;
				CLANG_WARN_RANGE_LOOP_ANALYSIS = YES;
				CLANG_WARN_STRICT_PROTOTYPES = YES;
				CLANG_WARN_SUSPICIOUS_MOVE = YES;
				CLANG_WARN_UNGUARDED_AVAILABILITY = YES_AGGRESSIVE;
				CLANG_WARN_UNREACHABLE_CODE = YES;
				CLANG_WARN__DUPLICATE_METHOD_MATCH = YES;
				COPY_PHASE_STRIP = NO;
				DEBUG_INFORMATION_FORMAT = "dwarf-with-dsym";
				ENABLE_NS_ASSERTIONS = NO;
				ENABLE_STRICT_OBJC_MSGSEND = YES;
				GCC_C_LANGUAGE_STANDARD = gnu11;
				GCC_NO_COMMON_BLOCKS = YES;
				GCC_WARN_64_TO_32_BIT_CONVERSION = YES;
				GCC_WARN_ABOUT_RETURN_TYPE = YES_ERROR;
				GCC_WARN_UNDECLARED_SELECTOR = YES;
				GCC_WARN_UNINITIALIZED_AUTOS = YES_AGGRESSIVE;
				GCC_WARN_UNUSED_FUNCTION = YES;
				GCC_WARN_UNUSED_VARIABLE = YES;
				IPHONEOS_DEPLOYMENT_TARGET = 16.2;
				MTL_ENABLE_DEBUG_INFO = NO;
				MTL_FAST_MATH = YES;
				SDKROOT = iphoneos;
				SWIFT_COMPILATION_MODE = wholemodule;
				SWIFT_OPTIMIZATION_LEVEL = "-O";
				VALIDATE_PRODUCT = YES;
			};
			name = Release;
		};
		39D94EE62BD7AF21000D484E /* Debug */ = {
			isa = XCBuildConfiguration;
			buildSettings = {
				ASSETCATALOG_COMPILER_APPICON_NAME = AppIcon;
				ASSETCATALOG_COMPILER_GLOBAL_ACCENT_COLOR_NAME = AccentColor;
				CODE_SIGN_STYLE = Automatic;
				CURRENT_PROJECT_VERSION = 1;
				DEVELOPMENT_ASSET_PATHS = "\"ChatViewWithSwiftUI/Preview Content\"";
				ENABLE_PREVIEWS = YES;
				GENERATE_INFOPLIST_FILE = YES;
				INFOPLIST_KEY_UIApplicationSceneManifest_Generation = YES;
				INFOPLIST_KEY_UIApplicationSupportsIndirectInputEvents = YES;
				INFOPLIST_KEY_UILaunchScreen_Generation = YES;
				INFOPLIST_KEY_UISupportedInterfaceOrientations_iPad = "UIInterfaceOrientationPortrait UIInterfaceOrientationPortraitUpsideDown UIInterfaceOrientationLandscapeLeft UIInterfaceOrientationLandscapeRight";
				INFOPLIST_KEY_UISupportedInterfaceOrientations_iPhone = "UIInterfaceOrientationPortrait UIInterfaceOrientationLandscapeLeft UIInterfaceOrientationLandscapeRight";
				LD_RUNPATH_SEARCH_PATHS = (
					"$(inherited)",
					"@executable_path/Frameworks",
				);
				MARKETING_VERSION = 1.0;
				PRODUCT_BUNDLE_IDENTIFIER = com.Emily.ChatViewWithSwiftUI;
				PRODUCT_NAME = "$(TARGET_NAME)";
				SWIFT_EMIT_LOC_STRINGS = YES;
				SWIFT_VERSION = 5.0;
				TARGETED_DEVICE_FAMILY = "1,2";
			};
			name = Debug;
		};
		39D94EE72BD7AF21000D484E /* Release */ = {
			isa = XCBuildConfiguration;
			buildSettings = {
				ASSETCATALOG_COMPILER_APPICON_NAME = AppIcon;
				ASSETCATALOG_COMPILER_GLOBAL_ACCENT_COLOR_NAME = AccentColor;
				CODE_SIGN_STYLE = Automatic;
				CURRENT_PROJECT_VERSION = 1;
				DEVELOPMENT_ASSET_PATHS = "\"ChatViewWithSwiftUI/Preview Content\"";
				ENABLE_PREVIEWS = YES;
				GENERATE_INFOPLIST_FILE = YES;
				INFOPLIST_KEY_UIApplicationSceneManifest_Generation = YES;
				INFOPLIST_KEY_UIApplicationSupportsIndirectInputEvents = YES;
				INFOPLIST_KEY_UILaunchScreen_Generation = YES;
				INFOPLIST_KEY_UISupportedInterfaceOrientations_iPad = "UIInterfaceOrientationPortrait UIInterfaceOrientationPortraitUpsideDown UIInterfaceOrientationLandscapeLeft UIInterfaceOrientationLandscapeRight";
				INFOPLIST_KEY_UISupportedInterfaceOrientations_iPhone = "UIInterfaceOrientationPortrait UIInterfaceOrientationLandscapeLeft UIInterfaceOrientationLandscapeRight";
				LD_RUNPATH_SEARCH_PATHS = (
					"$(inherited)",
					"@executable_path/Frameworks",
				);
				MARKETING_VERSION = 1.0;
				PRODUCT_BUNDLE_IDENTIFIER = com.Emily.ChatViewWithSwiftUI;
				PRODUCT_NAME = "$(TARGET_NAME)";
				SWIFT_EMIT_LOC_STRINGS = YES;
				SWIFT_VERSION = 5.0;
				TARGETED_DEVICE_FAMILY = "1,2";
			};
			name = Release;
		};
/* End XCBuildConfiguration section */

/* Begin XCConfigurationList section */
		39D94ED22BD7AF17000D484E /* Build configuration list for PBXProject "ChatViewWithSwiftUI" */ = {
			isa = XCConfigurationList;
			buildConfigurations = (
				39D94EE32BD7AF21000D484E /* Debug */,
				39D94EE42BD7AF21000D484E /* Release */,
			);
			defaultConfigurationIsVisible = 0;
			defaultConfigurationName = Release;
		};
		39D94EE52BD7AF21000D484E /* Build configuration list for PBXNativeTarget "ChatViewWithSwiftUI" */ = {
			isa = XCConfigurationList;
			buildConfigurations = (
				39D94EE62BD7AF21000D484E /* Debug */,
				39D94EE72BD7AF21000D484E /* Release */,
			);
			defaultConfigurationIsVisible = 0;
			defaultConfigurationName = Release;
		};
/* End XCConfigurationList section */
	};
	rootObject = 39D94ECF2BD7AF17000D484E /* Project object */;
}
